
Microsoft Visual Studio Solution File, Format Version 12.00
# Visual Studio Version 17
VisualStudioVersion = 17.0.31912.275
MinimumVisualStudioVersion = 10.0.40219.1
Project("{FAE04EC0-301F-11D3-BF4B-00C04F79EFBC}") = "LotusTimer.Android", "Lotus Timer\Lotus Timer.Android\LotusTimer.Android.csproj", "{1D4699E1-E0AF-4E18-B3CD-AC8D73197502}"
EndProject
Project("{FAE04EC0-301F-11D3-BF4B-00C04F79EFBC}") = "LotusTimer.iOS", "Lotus Timer\Lotus Timer.iOS\LotusTimer.iOS.csproj", "{A586733D-06C7-42BF-830F-8234D5A902A3}"
EndProject
Project("{9A19103F-16F7-4668-BE54-9A1E7A4F7556}") = "LotusTimer", "Lotus Timer\Lotus Timer\LotusTimer.csproj", "{00EC7085-F5FD-4B9A-9216-9FD8B58209DE}"
EndProject
Global
	GlobalSection(SolutionConfigurationPlatforms) = preSolution
		Debug|Any CPU = Debug|Any CPU
		Debug|iPhone = Debug|iPhone
		Debug|iPhoneSimulator = Debug|iPhoneSimulator
		Release|Any CPU = Release|Any CPU
		Release|iPhone = Release|iPhone
		Release|iPhoneSimulator = Release|iPhoneSimulator
	EndGlobalSection
	GlobalSection(ProjectConfigurationPlatforms) = postSolution
		{1D4699E1-E0AF-4E18-B3CD-AC8D73197502}.Debug|Any CPU.ActiveCfg = Debug|Any CPU
		{1D4699E1-E0AF-4E18-B3CD-AC8D73197502}.Debug|Any CPU.Build.0 = Debug|Any CPU
		{1D4699E1-E0AF-4E18-B3CD-AC8D73197502}.Debug|Any CPU.Deploy.0 = Debug|Any CPU
		{1D4699E1-E0AF-4E18-B3CD-AC8D73197502}.Debug|iPhone.ActiveCfg = Debug|Any CPU
		{1D4699E1-E0AF-4E18-B3CD-AC8D73197502}.Debug|iPhone.Build.0 = Debug|Any CPU
		{1D4699E1-E0AF-4E18-B3CD-AC8D73197502}.Debug|iPhone.Deploy.0 = Debug|Any CPU
		{1D4699E1-E0AF-4E18-B3CD-AC8D73197502}.Debug|iPhoneSimulator.ActiveCfg = Debug|Any CPU
		{1D4699E1-E0AF-4E18-B3CD-AC8D73197502}.Debug|iPhoneSimulator.Build.0 = Debug|Any CPU
		{1D4699E1-E0AF-4E18-B3CD-AC8D73197502}.Debug|iPhoneSimulator.Deploy.0 = Debug|Any CPU
		{1D4699E1-E0AF-4E18-B3CD-AC8D73197502}.Release|Any CPU.ActiveCfg = Release|Any CPU
		{1D4699E1-E0AF-4E18-B3CD-AC8D73197502}.Release|Any CPU.Build.0 = Release|Any CPU
		{1D4699E1-E0AF-4E18-B3CD-AC8D73197502}.Release|Any CPU.Deploy.0 = Release|Any CPU
		{1D4699E1-E0AF-4E18-B3CD-AC8D73197502}.Release|iPhone.ActiveCfg = Release|Any CPU
		{1D4699E1-E0AF-4E18-B3CD-AC8D73197502}.Release|iPhone.Build.0 = Release|Any CPU
		{1D4699E1-E0AF-4E18-B3CD-AC8D73197502}.Release|iPhone.Deploy.0 = Release|Any CPU
		{1D4699E1-E0AF-4E18-B3CD-AC8D73197502}.Release|iPhoneSimulator.ActiveCfg = Release|Any CPU
		{1D4699E1-E0AF-4E18-B3CD-AC8D73197502}.Release|iPhoneSimulator.Build.0 = Release|Any CPU
		{1D4699E1-E0AF-4E18-B3CD-AC8D73197502}.Release|iPhoneSimulator.Deploy.0 = Release|Any CPU
		{A586733D-06C7-42BF-830F-8234D5A902A3}.Debug|Any CPU.ActiveCfg = Debug|iPhone
		{A586733D-06C7-42BF-830F-8234D5A902A3}.Debug|Any CPU.Build.0 = Debug|iPhone
		{A586733D-06C7-42BF-830F-8234D5A902A3}.Debug|Any CPU.Deploy.0 = Debug|iPhone
		{A586733D-06C7-42BF-830F-8234D5A902A3}.Debug|iPhone.ActiveCfg = Debug|iPhone
		{A586733D-06C7-42BF-830F-8234D5A902A3}.Debug|iPhone.Build.0 = Debug|iPhone
		{A586733D-06C7-42BF-830F-8234D5A902A3}.Debug|iPhone.Deploy.0 = Debug|iPhone
		{A586733D-06C7-42BF-830F-8234D5A902A3}.Debug|iPhoneSimulator.ActiveCfg = Debug|iPhoneSimulator
		{A586733D-06C7-42BF-830F-8234D5A902A3}.Debug|iPhoneSimulator.Build.0 = Debug|iPhoneSimulator
		{A586733D-06C7-42BF-830F-8234D5A902A3}.Debug|iPhoneSimulator.Deploy.0 = Debug|iPhoneSimulator
		{A586733D-06C7-42BF-830F-8234D5A902A3}.Release|Any CPU.ActiveCfg = Release|iPhoneSimulator
		{A586733D-06C7-42BF-830F-8234D5A902A3}.Release|Any CPU.Build.0 = Release|iPhoneSimulator
		{A586733D-06C7-42BF-830F-8234D5A902A3}.Release|Any CPU.Deploy.0 = Release|iPhoneSimulator
		{A586733D-06C7-42BF-830F-8234D5A902A3}.Release|iPhone.ActiveCfg = Release|iPhone
		{A586733D-06C7-42BF-830F-8234D5A902A3}.Release|iPhone.Build.0 = Release|iPhone
		{A586733D-06C7-42BF-830F-8234D5A902A3}.Release|iPhone.Deploy.0 = Release|iPhone
		{A586733D-06C7-42BF-830F-8234D5A902A3}.Release|iPhoneSimulator.ActiveCfg = Release|iPhoneSimulator
		{A586733D-06C7-42BF-830F-8234D5A902A3}.Release|iPhoneSimulator.Build.0 = Release|iPhoneSimulator
		{A586733D-06C7-42BF-830F-8234D5A902A3}.Release|iPhoneSimulator.Deploy.0 = Release|iPhoneSimulator
		{00EC7085-F5FD-4B9A-9216-9FD8B58209DE}.Debug|Any CPU.ActiveCfg = Debug|Any CPU
		{00EC7085-F5FD-4B9A-9216-9FD8B58209DE}.Debug|Any CPU.Build.0 = Debug|Any CPU
		{00EC7085-F5FD-4B9A-9216-9FD8B58209DE}.Debug|Any CPU.Deploy.0 = Debug|Any CPU
		{00EC7085-F5FD-4B9A-9216-9FD8B58209DE}.Debug|iPhone.ActiveCfg = Debug|Any CPU
		{00EC7085-F5FD-4B9A-9216-9FD8B58209DE}.Debug|iPhone.Build.0 = Debug|Any CPU
		{00EC7085-F5FD-4B9A-9216-9FD8B58209DE}.Debug|iPhone.Deploy.0 = Debug|Any CPU
		{00EC7085-F5FD-4B9A-9216-9FD8B58209DE}.Debug|iPhoneSimulator.ActiveCfg = Debug|Any CPU
		{00EC7085-F5FD-4B9A-9216-9FD8B58209DE}.Debug|iPhoneSimulator.Build.0 = Debug|Any CPU
		{00EC7085-F5FD-4B9A-9216-9FD8B58209DE}.Debug|iPhoneSimulator.Deploy.0 = Debug|Any CPU
		{00EC7085-F5FD-4B9A-9216-9FD8B58209DE}.Release|Any CPU.ActiveCfg = Release|Any CPU
		{00EC7085-F5FD-4B9A-9216-9FD8B58209DE}.Release|Any CPU.Build.0 = Release|Any CPU
		{00EC7085-F5FD-4B9A-9216-9FD8B58209DE}.Release|Any CPU.Deploy.0 = Release|Any CPU
		{00EC7085-F5FD-4B9A-9216-9FD8B58209DE}.Release|iPhone.ActiveCfg = Release|Any CPU
		{00EC7085-F5FD-4B9A-9216-9FD8B58209DE}.Release|iPhone.Build.0 = Release|Any CPU
		{00EC7085-F5FD-4B9A-9216-9FD8B58209DE}.Release|iPhone.Deploy.0 = Release|Any CPU
		{00EC7085-F5FD-4B9A-9216-9FD8B58209DE}.Release|iPhoneSimulator.ActiveCfg = Release|Any CPU
		{00EC7085-F5FD-4B9A-9216-9FD8B58209DE}.Release|iPhoneSimulator.Build.0 = Release|Any CPU
		{00EC7085-F5FD-4B9A-9216-9FD8B58209DE}.Release|iPhoneSimulator.Deploy.0 = Release|Any CPU
	EndGlobalSection
	GlobalSection(SolutionProperties) = preSolution
		HideSolutionNode = FALSE
	EndGlobalSection
	GlobalSection(ExtensibilityGlobals) = postSolution
		SolutionGuid = {15B7FDFE-DD67-48E9-9CC8-74190A77223F}
	EndGlobalSection
EndGlobal
